
Microsoft Visual Studio Solution File, Format Version 12.00
# Visual Studio Version 16
VisualStudioVersion = 16.0.31624.102
MinimumVisualStudioVersion = 10.0.40219.1
Project("{FAE04EC0-301F-11D3-BF4B-00C04F79EFBC}") = "Hallow", "Hallow.csproj", "{2C7B6917-F7B7-4A96-A2CD-74E5003AD02F}"
EndProject
Global
	GlobalSection(SolutionConfigurationPlatforms) = preSolution
		Debug|Any CPU = Debug|Any CPU
		Release|Any CPU = Release|Any CPU
	EndGlobalSection
	GlobalSection(ProjectConfigurationPlatforms) = postSolution
		{2C7B6917-F7B7-4A96-A2CD-74E5003AD02F}.Debug|Any CPU.ActiveCfg = Debug|Any CPU
		{2C7B6917-F7B7-4A96-A2CD-74E5003AD02F}.Debug|Any CPU.Build.0 = Debug|Any CPU
		{2C7B6917-F7B7-4A96-A2CD-74E5003AD02F}.Release|Any CPU.ActiveCfg = Release|Any CPU
		{2C7B6917-F7B7-4A96-A2CD-74E5003AD02F}.Release|Any CPU.Build.0 = Release|Any CPU
	EndGlobalSection
	GlobalSection(SolutionProperties) = preSolution
		HideSolutionNode = FALSE
	EndGlobalSection
	GlobalSection(ExtensibilityGlobals) = postSolution
		SolutionGuid = {C851EFFC-5578-4786-B4B7-BFF0946B7050}
	EndGlobalSection
EndGlobal
